// !$*UTF8*$!
{
	archiveVersion = 1;
	classes = {
	};
	objectVersion = 50;
	objects = {

/* Begin PBXBuildFile section */
		650E2E9D242B29610089700B /* AppDelegate.swift in Sources */ = {isa = PBXBuildFile; fileRef = 650E2E9C242B29610089700B /* AppDelegate.swift */; };
		650E2E9F242B29610089700B /* SceneDelegate.swift in Sources */ = {isa = PBXBuildFile; fileRef = 650E2E9E242B29610089700B /* SceneDelegate.swift */; };
		650E2EA1242B29610089700B /* ViewController.swift in Sources */ = {isa = PBXBuildFile; fileRef = 650E2EA0242B29610089700B /* ViewController.swift */; };
		650E2EA4242B29610089700B /* Main.storyboard in Resources */ = {isa = PBXBuildFile; fileRef = 650E2EA2242B29610089700B /* Main.storyboard */; };
		650E2EA6242B29630089700B /* Assets.xcassets in Resources */ = {isa = PBXBuildFile; fileRef = 650E2EA5242B29630089700B /* Assets.xcassets */; };
		650E2EA9242B29630089700B /* LaunchScreen.storyboard in Resources */ = {isa = PBXBuildFile; fileRef = 650E2EA7242B29630089700B /* LaunchScreen.storyboard */; };
		650E2EB4242B2B170089700B /* DogAPI.swift in Sources */ = {isa = PBXBuildFile; fileRef = 650E2EB3242B2B170089700B /* DogAPI.swift */; };
		650E2EB6242C73EC0089700B /* DogImage.swift in Sources */ = {isa = PBXBuildFile; fileRef = 650E2EB5242C73EC0089700B /* DogImage.swift */; };
		650E2EB82431CB980089700B /* BreedListResponse.swift in Sources */ = {isa = PBXBuildFile; fileRef = 650E2EB72431CB980089700B /* BreedListResponse.swift */; };
/* End PBXBuildFile section */

/* Begin PBXFileReference section */
		650E2E99242B29610089700B /* RandomDogImage.app */ = {isa = PBXFileReference; explicitFileType = wrapper.application; includeInIndex = 0; path = RandomDogImage.app; sourceTree = BUILT_PRODUCTS_DIR; };
		650E2E9C242B29610089700B /* AppDelegate.swift */ = {isa = PBXFileReference; lastKnownFileType = sourcecode.swift; path = AppDelegate.swift; sourceTree = "<group>"; };
		650E2E9E242B29610089700B /* SceneDelegate.swift */ = {isa = PBXFileReference; lastKnownFileType = sourcecode.swift; path = SceneDelegate.swift; sourceTree = "<group>"; };
		650E2EA0242B29610089700B /* ViewController.swift */ = {isa = PBXFileReference; lastKnownFileType = sourcecode.swift; path = ViewController.swift; sourceTree = "<group>"; };
		650E2EA3242B29610089700B /* Base */ = {isa = PBXFileReference; lastKnownFileType = file.storyboard; name = Base; path = Base.lproj/Main.storyboard; sourceTree = "<group>"; };
		650E2EA5242B29630089700B /* Assets.xcassets */ = {isa = PBXFileReference; lastKnownFileType = folder.assetcatalog; path = Assets.xcassets; sourceTree = "<group>"; };
		650E2EA8242B29630089700B /* Base */ = {isa = PBXFileReference; lastKnownFileType = file.storyboard; name = Base; path = Base.lproj/LaunchScreen.storyboard; sourceTree = "<group>"; };
		650E2EAA242B29630089700B /* Info.plist */ = {isa = PBXFileReference; lastKnownFileType = text.plist.xml; path = Info.plist; sourceTree = "<group>"; };
		650E2EB3242B2B170089700B /* DogAPI.swift */ = {isa = PBXFileReference; lastKnownFileType = sourcecode.swift; path = DogAPI.swift; sourceTree = "<group>"; };
		650E2EB5242C73EC0089700B /* DogImage.swift */ = {isa = PBXFileReference; lastKnownFileType = sourcecode.swift; path = DogImage.swift; sourceTree = "<group>"; };
		650E2EB72431CB980089700B /* BreedListResponse.swift */ = {isa = PBXFileReference; lastKnownFileType = sourcecode.swift; path = BreedListResponse.swift; sourceTree = "<group>"; };
/* End PBXFileReference section */

/* Begin PBXFrameworksBuildPhase section */
		650E2E96242B29610089700B /* Frameworks */ = {
			isa = PBXFrameworksBuildPhase;
			buildActionMask = 2147483647;
			files = (
			);
			runOnlyForDeploymentPostprocessing = 0;
		};
/* End PBXFrameworksBuildPhase section */

/* Begin PBXGroup section */
		650E2E90242B29610089700B = {
			isa = PBXGroup;
			children = (
				650E2E9B242B29610089700B /* RandomDogImage */,
				650E2E9A242B29610089700B /* Products */,
			);
			sourceTree = "<group>";
		};
		650E2E9A242B29610089700B /* Products */ = {
			isa = PBXGroup;
			children = (
				650E2E99242B29610089700B /* RandomDogImage.app */,
			);
			name = Products;
			sourceTree = "<group>";
		};
		650E2E9B242B29610089700B /* RandomDogImage */ = {
			isa = PBXGroup;
			children = (
				650E2EB2242B2AFC0089700B /* Model */,
				650E2EB1242B29850089700B /* Controller */,
				650E2EB0242B29770089700B /* View */,
				650E2EAA242B29630089700B /* Info.plist */,
			);
			path = RandomDogImage;
			sourceTree = "<group>";
		};
		650E2EB0242B29770089700B /* View */ = {
			isa = PBXGroup;
			children = (
				650E2EA2242B29610089700B /* Main.storyboard */,
				650E2EA5242B29630089700B /* Assets.xcassets */,
				650E2EA7242B29630089700B /* LaunchScreen.storyboard */,
			);
			path = View;
			sourceTree = "<group>";
		};
		650E2EB1242B29850089700B /* Controller */ = {
			isa = PBXGroup;
			children = (
				650E2E9C242B29610089700B /* AppDelegate.swift */,
				650E2E9E242B29610089700B /* SceneDelegate.swift */,
				650E2EA0242B29610089700B /* ViewController.swift */,
			);
			path = Controller;
			sourceTree = "<group>";
		};
		650E2EB2242B2AFC0089700B /* Model */ = {
			isa = PBXGroup;
			children = (
				650E2EB3242B2B170089700B /* DogAPI.swift */,
				650E2EB5242C73EC0089700B /* DogImage.swift */,
				650E2EB72431CB980089700B /* BreedListResponse.swift */,
			);
			path = Model;
			sourceTree = "<group>";
		};
/* End PBXGroup section */

/* Begin PBXNativeTarget section */
		650E2E98242B29610089700B /* RandomDogImage */ = {
			isa = PBXNativeTarget;
			buildConfigurationList = 650E2EAD242B29630089700B /* Build configuration list for PBXNativeTarget "RandomDogImage" */;
			buildPhases = (
				650E2E95242B29610089700B /* Sources */,
				650E2E96242B29610089700B /* Frameworks */,
				650E2E97242B29610089700B /* Resources */,
			);
			buildRules = (
			);
			dependencies = (
			);
			name = RandomDogImage;
			productName = RandomDogImage;
			productReference = 650E2E99242B29610089700B /* RandomDogImage.app */;
			productType = "com.apple.product-type.application";
		};
/* End PBXNativeTarget section */

/* Begin PBXProject section */
		650E2E91242B29610089700B /* Project object */ = {
			isa = PBXProject;
			attributes = {
				LastSwiftUpdateCheck = 1130;
				LastUpgradeCheck = 1130;
				ORGANIZATIONNAME = "Hari Prasad";
				TargetAttributes = {
					650E2E98242B29610089700B = {
						CreatedOnToolsVersion = 11.3;
					};
				};
			};
			buildConfigurationList = 650E2E94242B29610089700B /* Build configuration list for PBXProject "RandomDogImage" */;
			compatibilityVersion = "Xcode 9.3";
			developmentRegion = en;
			hasScannedForEncodings = 0;
			knownRegions = (
				en,
				Base,
			);
			mainGroup = 650E2E90242B29610089700B;
			productRefGroup = 650E2E9A242B29610089700B /* Products */;
			projectDirPath = "";
			projectRoot = "";
			targets = (
				650E2E98242B29610089700B /* RandomDogImage */,
			);
		};
/* End PBXProject section */

/* Begin PBXResourcesBuildPhase section */
		650E2E97242B29610089700B /* Resources */ = {
			isa = PBXResourcesBuildPhase;
			buildActionMask = 2147483647;
			files = (
				650E2EA9242B29630089700B /* LaunchScreen.storyboard in Resources */,
				650E2EA6242B29630089700B /* Assets.xcassets in Resources */,
				650E2EA4242B29610089700B /* Main.storyboard in Resources */,
			);
			runOnlyForDeploymentPostprocessing = 0;
		};
/* End PBXResourcesBuildPhase section */

/* Begin PBXSourcesBuildPhase section */
		650E2E95242B29610089700B /* Sources */ = {
			isa = PBXSourcesBuildPhase;
			buildActionMask = 2147483647;
			files = (
				650E2EA1242B29610089700B /* ViewController.swift in Sources */,
				650E2EB6242C73EC0089700B /* DogImage.swift in Sources */,
				650E2E9D242B29610089700B /* AppDelegate.swift in Sources */,
				650E2EB82431CB980089700B /* BreedListResponse.swift in Sources */,
				650E2E9F242B29610089700B /* SceneDelegate.swift in Sources */,
				650E2EB4242B2B170089700B /* DogAPI.swift in Sources */,
			);
			runOnlyForDeploymentPostprocessing = 0;
		};
/* End PBXSourcesBuildPhase section */

/* Begin PBXVariantGroup section */
		650E2EA2242B29610089700B /* Main.storyboard */ = {
			isa = PBXVariantGroup;
			children = (
				650E2EA3242B29610089700B /* Base */,
			);
			name = Main.storyboard;
			sourceTree = "<group>";
		};
		650E2EA7242B29630089700B /* LaunchScreen.storyboard */ = {
			isa = PBXVariantGroup;
			children = (
				650E2EA8242B29630089700B /* Base */,
			);
			name = LaunchScreen.storyboard;
			sourceTree = "<group>";
		};
/* End PBXVariantGroup section */

/* Begin XCBuildConfiguration section */
		650E2EAB242B29630089700B /* Debug */ = {
			isa = XCBuildConfiguration;
			buildSettings = {
				ALWAYS_SEARCH_USER_PATHS = NO;
				CLANG_ANALYZER_NONNULL = YES;
				CLANG_ANALYZER_NUMBER_OBJECT_CONVERSION = YES_AGGRESSIVE;
				CLANG_CXX_LANGUAGE_STANDARD = "gnu++14";
				CLANG_CXX_LIBRARY = "libc++";
				CLANG_ENABLE_MODULES = YES;
				CLANG_ENABLE_OBJC_ARC = YES;
				CLANG_ENABLE_OBJC_WEAK = YES;
				CLANG_WARN_BLOCK_CAPTURE_AUTORELEASING = YES;
				CLANG_WARN_BOOL_CONVERSION = YES;
				CLANG_WARN_COMMA = YES;
				CLANG_WARN_CONSTANT_CONVERSION = YES;
				CLANG_WARN_DEPRECATED_OBJC_IMPLEMENTATIONS = YES;
				CLANG_WARN_DIRECT_OBJC_ISA_USAGE = YES_ERROR;
				CLANG_WARN_DOCUMENTATION_COMMENTS = YES;
				CLANG_WARN_EMPTY_BODY = YES;
				CLANG_WARN_ENUM_CONVERSION = YES;
				CLANG_WARN_INFINITE_RECURSION = YES;
				CLANG_WARN_INT_CONVERSION = YES;
				CLANG_WARN_NON_LITERAL_NULL_CONVERSION = YES;
				CLANG_WARN_OBJC_IMPLICIT_RETAIN_SELF = YES;
				CLANG_WARN_OBJC_LITERAL_CONVERSION = YES;
				CLANG_WARN_OBJC_ROOT_CLASS = YES_ERROR;
				CLANG_WARN_RANGE_LOOP_ANALYSIS = YES;
				CLANG_WARN_STRICT_PROTOTYPES = YES;
				CLANG_WARN_SUSPICIOUS_MOVE = YES;
				CLANG_WARN_UNGUARDED_AVAILABILITY = YES_AGGRESSIVE;
				CLANG_WARN_UNREACHABLE_CODE = YES;
				CLANG_WARN__DUPLICATE_METHOD_MATCH = YES;
				COPY_PHASE_STRIP = NO;
				DEBUG_INFORMATION_FORMAT = dwarf;
				ENABLE_STRICT_OBJC_MSGSEND = YES;
				ENABLE_TESTABILITY = YES;
				GCC_C_LANGUAGE_STANDARD = gnu11;
				GCC_DYNAMIC_NO_PIC = NO;
				GCC_NO_COMMON_BLOCKS = YES;
				GCC_OPTIMIZATION_LEVEL = 0;
				GCC_PREPROCESSOR_DEFINITIONS = (
					"DEBUG=1",
					"$(inherited)",
				);
				GCC_WARN_64_TO_32_BIT_CONVERSION = YES;
				GCC_WARN_ABOUT_RETURN_TYPE = YES_ERROR;
				GCC_WARN_UNDECLARED_SELECTOR = YES;
				GCC_WARN_UNINITIALIZED_AUTOS = YES_AGGRESSIVE;
				GCC_WARN_UNUSED_FUNCTION = YES;
				GCC_WARN_UNUSED_VARIABLE = YES;
				IPHONEOS_DEPLOYMENT_TARGET = 13.2;
				MTL_ENABLE_DEBUG_INFO = INCLUDE_SOURCE;
				MTL_FAST_MATH = YES;
				ONLY_ACTIVE_ARCH = YES;
				SDKROOT = iphoneos;
				SWIFT_ACTIVE_COMPILATION_CONDITIONS = DEBUG;
				SWIFT_OPTIMIZATION_LEVEL = "-Onone";
			};
			name = Debug;
		};
		650E2EAC242B29630089700B /* Release */ = {
			isa = XCBuildConfiguration;
			buildSettings = {
				ALWAYS_SEARCH_USER_PATHS = NO;
				CLANG_ANALYZER_NONNULL = YES;
				CLANG_ANALYZER_NUMBER_OBJECT_CONVERSION = YES_AGGRESSIVE;
				CLANG_CXX_LANGUAGE_STANDARD = "gnu++14";
				CLANG_CXX_LIBRARY = "libc++";
				CLANG_ENABLE_MODULES = YES;
				CLANG_ENABLE_OBJC_ARC = YES;
				CLANG_ENABLE_OBJC_WEAK = YES;
				CLANG_WARN_BLOCK_CAPTURE_AUTORELEASING = YES;
				CLANG_WARN_BOOL_CONVERSION = YES;
				CLANG_WARN_COMMA = YES;
				CLANG_WARN_CONSTANT_CONVERSION = YES;
				CLANG_WARN_DEPRECATED_OBJC_IMPLEMENTATIONS = YES;
				CLANG_WARN_DIRECT_OBJC_ISA_USAGE = YES_ERROR;
				CLANG_WARN_DOCUMENTATION_COMMENTS = YES;
				CLANG_WARN_EMPTY_BODY = YES;
				CLANG_WARN_ENUM_CONVERSION = YES;
				CLANG_WARN_INFINITE_RECURSION = YES;
				CLANG_WARN_INT_CONVERSION = YES;
				CLANG_WARN_NON_LITERAL_NULL_CONVERSION = YES;
				CLANG_WARN_OBJC_IMPLICIT_RETAIN_SELF = YES;
				CLANG_WARN_OBJC_LITERAL_CONVERSION = YES;
				CLANG_WARN_OBJC_ROOT_CLASS = YES_ERROR;
				CLANG_WARN_RANGE_LOOP_ANALYSIS = YES;
				CLANG_WARN_STRICT_PROTOTYPES = YES;
				CLANG_WARN_SUSPICIOUS_MOVE = YES;
				CLANG_WARN_UNGUARDED_AVAILABILITY = YES_AGGRESSIVE;
				CLANG_WARN_UNREACHABLE_CODE = YES;
				CLANG_WARN__DUPLICATE_METHOD_MATCH = YES;
				COPY_PHASE_STRIP = NO;
				DEBUG_INFORMATION_FORMAT = "dwarf-with-dsym";
				ENABLE_NS_ASSERTIONS = NO;
				ENABLE_STRICT_OBJC_MSGSEND = YES;
				GCC_C_LANGUAGE_STANDARD = gnu11;
				GCC_NO_COMMON_BLOCKS = YES;
				GCC_WARN_64_TO_32_BIT_CONVERSION = YES;
				GCC_WARN_ABOUT_RETURN_TYPE = YES_ERROR;
				GCC_WARN_UNDECLARED_SELECTOR = YES;
				GCC_WARN_UNINITIALIZED_AUTOS = YES_AGGRESSIVE;
				GCC_WARN_UNUSED_FUNCTION = YES;
				GCC_WARN_UNUSED_VARIABLE = YES;
				IPHONEOS_DEPLOYMENT_TARGET = 13.2;
				MTL_ENABLE_DEBUG_INFO = NO;
				MTL_FAST_MATH = YES;
				SDKROOT = iphoneos;
				SWIFT_COMPILATION_MODE = wholemodule;
				SWIFT_OPTIMIZATION_LEVEL = "-O";
				VALIDATE_PRODUCT = YES;
			};
			name = Release;
		};
		650E2EAE242B29630089700B /* Debug */ = {
			isa = XCBuildConfiguration;
			buildSettings = {
				ASSETCATALOG_COMPILER_APPICON_NAME = AppIcon;
				CODE_SIGN_STYLE = Automatic;
				DEVELOPMENT_TEAM = D6LV9758JT;
				INFOPLIST_FILE = RandomDogImage/Info.plist;
				LD_RUNPATH_SEARCH_PATHS = (
					"$(inherited)",
					"@executable_path/Frameworks",
				);
				PRODUCT_BUNDLE_IDENTIFIER = com.hari.RandomDogImage;
				PRODUCT_NAME = "$(TARGET_NAME)";
				SWIFT_VERSION = 5.0;
				TARGETED_DEVICE_FAMILY = "1,2";
			};
			name = Debug;
		};
		650E2EAF242B29630089700B /* Release */ = {
			isa = XCBuildConfiguration;
			buildSettings = {
				ASSETCATALOG_COMPILER_APPICON_NAME = AppIcon;
				CODE_SIGN_STYLE = Automatic;
				DEVELOPMENT_TEAM = D6LV9758JT;
				INFOPLIST_FILE = RandomDogImage/Info.plist;
				LD_RUNPATH_SEARCH_PATHS = (
					"$(inherited)",
					"@executable_path/Frameworks",
				);
				PRODUCT_BUNDLE_IDENTIFIER = com.hari.RandomDogImage;
				PRODUCT_NAME = "$(TARGET_NAME)";
				SWIFT_VERSION = 5.0;
				TARGETED_DEVICE_FAMILY = "1,2";
			};
			name = Release;
		};
/* End XCBuildConfiguration section */

/* Begin XCConfigurationList section */
		650E2E94242B29610089700B /* Build configuration list for PBXProject "RandomDogImage" */ = {
			isa = XCConfigurationList;
			buildConfigurations = (
				650E2EAB242B29630089700B /* Debug */,
				650E2EAC242B29630089700B /* Release */,
			);
			defaultConfigurationIsVisible = 0;
			defaultConfigurationName = Release;
		};
		650E2EAD242B29630089700B /* Build configuration list for PBXNativeTarget "RandomDogImage" */ = {
			isa = XCConfigurationList;
			buildConfigurations = (
				650E2EAE242B29630089700B /* Debug */,
				650E2EAF242B29630089700B /* Release */,
			);
			defaultConfigurationIsVisible = 0;
			defaultConfigurationName = Release;
		};
/* End XCConfigurationList section */
	};
	rootObject = 650E2E91242B29610089700B /* Project object */;
}
